GEM
  remote: https://rubygems.org/
  specs:
    async (2.35.0)
      console (~> 1.29)
      fiber-annotation
      io-event (~> 1.11)
      metrics (~> 0.12)
      traces (~> 0.18)
    async-container (0.27.7)
      async (~> 2.22)
    async-container-supervisor (0.9.2)
      async-service
      io-endpoint
      memory (~> 0.7)
      memory-leak (~> 0.5)
      process-metrics
    async-http (0.92.1)
      async (>= 2.10.2)
      async-pool (~> 0.11)
      io-endpoint (~> 0.14)
      io-stream (~> 0.6)
      metrics (~> 0.12)
      protocol-http (~> 0.49)
      protocol-http1 (~> 0.30)
      protocol-http2 (~> 0.22)
      protocol-url (~> 0.2)
      traces (~> 0.10)
    async-http-cache (0.4.6)
      async-http (~> 0.56)
    async-pool (0.11.1)
      async (>= 2.0)
    async-rspec (1.17.1)
      rspec (~> 3.0)
      rspec-files (~> 1.0)
      rspec-memory (~> 1.0)
    async-service (0.16.0)
      async
      async-container (~> 0.16)
      string-format (~> 0.2)
    autoforme (1.14.0)
      enum_csv
      forme (>= 2.0.0)
      rack
      sequel (>= 3.0.0)
    bake (0.24.1)
      bigdecimal
      samovar (~> 2.1)
    base32 (0.3.4)
    base64 (0.3.0)
    benchmark-malloc (0.2.0)
    benchmark-perf (0.6.0)
    benchmark-trend (0.4.0)
    bigdecimal (3.3.1)
    concurrent-ruby (1.3.5)
    connection_pool (2.5.5)
    console (1.34.2)
      fiber-annotation
      fiber-local (~> 1.1)
      json
    csv (3.3.5)
    date (3.5.1)
    debug (1.11.0)
      irb (~> 1.10)
      reline (>= 0.3.8)
    diff-lcs (1.6.2)
    docile (1.4.1)
    dotenv (3.2.0)
    ed25519 (1.4.0)
    enum_csv (1.2.0)
      csv
    erb (6.0.0)
    falcon (0.53.0)
      async
      async-container (~> 0.20)
      async-container-supervisor (~> 0.6)
      async-http (~> 0.75)
      async-http-cache (~> 0.4)
      async-service (~> 0.16)
      bundler
      localhost (~> 1.1)
      openssl (~> 3.0)
      protocol-http (~> 0.31)
      protocol-rack (~> 0.7)
      samovar (~> 2.3)
    faraday (2.14.0)
      faraday-net_http (>= 2.0, < 3.5)
      json
      logger
    faraday-net_http (3.4.2)
      net-http (~> 0.5)
    faraday-net_http_persistent (2.3.1)
      faraday (~> 2.5)
      net-http-persistent (>= 4.0.4, < 5)
    faraday-retry (2.3.2)
      faraday (~> 2.0)
    ffi (1.17.2)
    fiber-annotation (0.2.0)
    fiber-local (1.1.0)
      fiber-storage
    fiber-storage (1.0.1)
    forme (2.7.0)
      bigdecimal
    google-protobuf (4.33.2)
      bigdecimal
      rake (>= 13)
    googleapis-common-protos-types (1.22.0)
      google-protobuf (~> 4.26)
    io-console (0.8.1)
    io-endpoint (0.16.0)
    io-event (1.14.2)
    io-stream (0.11.1)
    irb (1.15.3)
      pp (>= 0.6.0)
      rdoc (>= 4.0.0)
      reline (>= 0.4.2)
    json (2.18.0)
    localhost (1.6.0)
    logger (1.7.0)
    maplibre-preview (1.4.0)
      rack (>= 2.0, < 4.0)
      sinatra (>= 2.1, < 5.0)
      slim (>= 4.1, < 6.0)
    mapping (1.1.3)
    memory (0.12.0)
      bake (~> 0.15)
      console
      msgpack
    memory-leak (0.7.0)
    metrics (0.15.0)
    mini_portile2 (2.8.9)
    msgpack (1.8.0)
    mustermann (3.0.4)
      ruby2_keywords (~> 0.0.1)
    nats-pure (2.5.0)
      base64
      concurrent-ruby (~> 1.0)
      json
      securerandom
      uri
    net-http (0.8.0)
      uri (>= 0.11.1)
    net-http-persistent (4.0.6)
      connection_pool (~> 2.2, >= 2.2.4)
    nkeys (0.1.0)
      base32 (~> 0.3)
      ed25519 (~> 1.2)
    openssl (3.3.2)
    opentelemetry-api (1.7.0)
    opentelemetry-common (0.23.0)
      opentelemetry-api (~> 1.0)
    opentelemetry-exporter-otlp (0.31.1)
      google-protobuf (>= 3.18)
      googleapis-common-protos-types (~> 1.3)
      opentelemetry-api (~> 1.1)
      opentelemetry-common (~> 0.20)
      opentelemetry-sdk (~> 1.10)
      opentelemetry-semantic_conventions
    opentelemetry-exporter-otlp-logs (0.2.2)
      google-protobuf (>= 3.18)
      googleapis-common-protos-types (~> 1.3)
      opentelemetry-api (~> 1.1)
      opentelemetry-common (~> 0.20)
      opentelemetry-logs-api (~> 0.1)
      opentelemetry-logs-sdk (~> 0.1)
      opentelemetry-sdk
      opentelemetry-semantic_conventions
    opentelemetry-helpers-mysql (0.4.0)
      opentelemetry-api (~> 1.7)
      opentelemetry-common (~> 0.21)
    opentelemetry-helpers-sql (0.3.0)
      opentelemetry-api (~> 1.7)
    opentelemetry-helpers-sql-processor (0.3.1)
      opentelemetry-common (~> 0.21)
    opentelemetry-instrumentation-action_mailer (0.6.1)
      opentelemetry-instrumentation-active_support (~> 0.10)
    opentelemetry-instrumentation-action_pack (0.15.1)
      opentelemetry-instrumentation-rack (~> 0.29)
    opentelemetry-instrumentation-action_view (0.11.1)
      opentelemetry-instrumentation-active_support (~> 0.10)
    opentelemetry-instrumentation-active_job (0.10.1)
      opentelemetry-instrumentation-base (~> 0.25)
    opentelemetry-instrumentation-active_model_serializers (0.24.0)
      opentelemetry-instrumentation-active_support (>= 0.7.0)
    opentelemetry-instrumentation-active_record (0.11.1)
      opentelemetry-instrumentation-base (~> 0.25)
    opentelemetry-instrumentation-active_storage (0.3.1)
      opentelemetry-instrumentation-active_support (~> 0.10)
    opentelemetry-instrumentation-active_support (0.10.1)
      opentelemetry-instrumentation-base (~> 0.25)
    opentelemetry-instrumentation-all (0.89.1)
      opentelemetry-instrumentation-active_model_serializers (~> 0.24.0)
      opentelemetry-instrumentation-anthropic (~> 0.3.0)
      opentelemetry-instrumentation-aws_lambda (~> 0.6.0)
      opentelemetry-instrumentation-aws_sdk (~> 0.11.0)
      opentelemetry-instrumentation-bunny (~> 0.24.0)
      opentelemetry-instrumentation-concurrent_ruby (~> 0.24.0)
      opentelemetry-instrumentation-dalli (~> 0.29.0)
      opentelemetry-instrumentation-delayed_job (~> 0.25.1)
      opentelemetry-instrumentation-ethon (~> 0.26.0)
      opentelemetry-instrumentation-excon (~> 0.26.0)
      opentelemetry-instrumentation-faraday (~> 0.30.0)
      opentelemetry-instrumentation-grape (~> 0.5.0)
      opentelemetry-instrumentation-graphql (~> 0.31.1)
      opentelemetry-instrumentation-grpc (~> 0.4.1)
      opentelemetry-instrumentation-gruf (~> 0.5.0)
      opentelemetry-instrumentation-http (~> 0.27.0)
      opentelemetry-instrumentation-http_client (~> 0.26.0)
      opentelemetry-instrumentation-httpx (~> 0.5.0)
      opentelemetry-instrumentation-koala (~> 0.23.0)
      opentelemetry-instrumentation-lmdb (~> 0.25.0)
      opentelemetry-instrumentation-mongo (~> 0.25.0)
      opentelemetry-instrumentation-mysql2 (~> 0.32.1)
      opentelemetry-instrumentation-net_http (~> 0.26.0)
      opentelemetry-instrumentation-pg (~> 0.34.1)
      opentelemetry-instrumentation-que (~> 0.12.0)
      opentelemetry-instrumentation-racecar (~> 0.6.0)
      opentelemetry-instrumentation-rack (~> 0.29.0)
      opentelemetry-instrumentation-rails (~> 0.39.1)
      opentelemetry-instrumentation-rake (~> 0.5.0)
      opentelemetry-instrumentation-rdkafka (~> 0.9.0)
      opentelemetry-instrumentation-redis (~> 0.28.0)
      opentelemetry-instrumentation-resque (~> 0.8.0)
      opentelemetry-instrumentation-restclient (~> 0.26.0)
      opentelemetry-instrumentation-ruby_kafka (~> 0.24.0)
      opentelemetry-instrumentation-sidekiq (~> 0.28.1)
      opentelemetry-instrumentation-sinatra (~> 0.28.0)
      opentelemetry-instrumentation-trilogy (~> 0.65.1)
    opentelemetry-instrumentation-anthropic (0.3.0)
      opentelemetry-instrumentation-base (~> 0.25)
    opentelemetry-instrumentation-aws_lambda (0.6.0)
      opentelemetry-instrumentation-base (~> 0.25)
    opentelemetry-instrumentation-aws_sdk (0.11.0)
      opentelemetry-instrumentation-base (~> 0.25)
    opentelemetry-instrumentation-base (0.25.0)
      opentelemetry-api (~> 1.7)
      opentelemetry-common (~> 0.21)
      opentelemetry-registry (~> 0.1)
    opentelemetry-instrumentation-bunny (0.24.0)
      opentelemetry-instrumentation-base (~> 0.25)
    opentelemetry-instrumentation-concurrent_ruby (0.24.0)
      opentelemetry-instrumentation-base (~> 0.25)
    opentelemetry-instrumentation-dalli (0.29.0)
      opentelemetry-instrumentation-base (~> 0.25)
    opentelemetry-instrumentation-delayed_job (0.25.1)
      opentelemetry-instrumentation-base (~> 0.25)
    opentelemetry-instrumentation-ethon (0.26.0)
      opentelemetry-instrumentation-base (~> 0.25)
    opentelemetry-instrumentation-excon (0.26.1)
      opentelemetry-instrumentation-base (~> 0.25)
    opentelemetry-instrumentation-faraday (0.30.1)
      opentelemetry-instrumentation-base (~> 0.25)
    opentelemetry-instrumentation-grape (0.5.0)
      opentelemetry-instrumentation-rack (~> 0.29)
    opentelemetry-instrumentation-graphql (0.31.2)
      opentelemetry-instrumentation-base (~> 0.25)
    opentelemetry-instrumentation-grpc (0.4.1)
      opentelemetry-instrumentation-base (~> 0.25)
    opentelemetry-instrumentation-gruf (0.5.0)
      opentelemetry-instrumentation-base (~> 0.25)
    opentelemetry-instrumentation-http (0.27.1)
      opentelemetry-instrumentation-base (~> 0.25)
    opentelemetry-instrumentation-http_client (0.26.1)
      opentelemetry-instrumentation-base (~> 0.25)
    opentelemetry-instrumentation-httpx (0.5.1)
      opentelemetry-instrumentation-base (~> 0.25)
    opentelemetry-instrumentation-koala (0.23.0)
      opentelemetry-instrumentation-base (~> 0.25)
    opentelemetry-instrumentation-lmdb (0.25.0)
      opentelemetry-instrumentation-base (~> 0.25)
    opentelemetry-instrumentation-mongo (0.25.0)
      opentelemetry-instrumentation-base (~> 0.25)
    opentelemetry-instrumentation-mysql2 (0.32.1)
      opentelemetry-helpers-mysql
      opentelemetry-helpers-sql
      opentelemetry-helpers-sql-processor
      opentelemetry-instrumentation-base (~> 0.25)
    opentelemetry-instrumentation-net_http (0.26.1)
      opentelemetry-instrumentation-base (~> 0.25)
    opentelemetry-instrumentation-pg (0.34.1)
      opentelemetry-helpers-sql
      opentelemetry-helpers-sql-processor
      opentelemetry-instrumentation-base (~> 0.25)
    opentelemetry-instrumentation-que (0.12.0)
      opentelemetry-instrumentation-base (~> 0.25)
    opentelemetry-instrumentation-racecar (0.6.0)
      opentelemetry-instrumentation-base (~> 0.25)
    opentelemetry-instrumentation-rack (0.29.0)
      opentelemetry-instrumentation-base (~> 0.25)
    opentelemetry-instrumentation-rails (0.39.1)
      opentelemetry-instrumentation-action_mailer (~> 0.6)
      opentelemetry-instrumentation-action_pack (~> 0.15)
      opentelemetry-instrumentation-action_view (~> 0.11)
      opentelemetry-instrumentation-active_job (~> 0.10)
      opentelemetry-instrumentation-active_record (~> 0.11)
      opentelemetry-instrumentation-active_storage (~> 0.3)
      opentelemetry-instrumentation-active_support (~> 0.10)
      opentelemetry-instrumentation-concurrent_ruby (~> 0.23)
    opentelemetry-instrumentation-rake (0.5.0)
      opentelemetry-instrumentation-base (~> 0.25)
    opentelemetry-instrumentation-rdkafka (0.9.0)
      opentelemetry-instrumentation-base (~> 0.25)
    opentelemetry-instrumentation-redis (0.28.0)
      opentelemetry-instrumentation-base (~> 0.25)
    opentelemetry-instrumentation-resque (0.8.0)
      opentelemetry-instrumentation-base (~> 0.25)
    opentelemetry-instrumentation-restclient (0.26.0)
      opentelemetry-instrumentation-base (~> 0.25)
    opentelemetry-instrumentation-ruby_kafka (0.24.0)
      opentelemetry-instrumentation-base (~> 0.25)
    opentelemetry-instrumentation-sidekiq (0.28.1)
      opentelemetry-instrumentation-base (~> 0.25)
    opentelemetry-instrumentation-sinatra (0.28.0)
      opentelemetry-instrumentation-rack (~> 0.29)
    opentelemetry-instrumentation-trilogy (0.65.1)
      opentelemetry-helpers-mysql
      opentelemetry-helpers-sql
      opentelemetry-helpers-sql-processor
      opentelemetry-instrumentation-base (~> 0.25)
      opentelemetry-semantic_conventions (>= 1.8.0)
    opentelemetry-logs-api (0.2.0)
      opentelemetry-api (~> 1.0)
    opentelemetry-logs-sdk (0.4.0)
      opentelemetry-api (~> 1.2)
      opentelemetry-logs-api (~> 0.1)
      opentelemetry-sdk (~> 1.3)
    opentelemetry-registry (0.4.0)
      opentelemetry-api (~> 1.1)
    opentelemetry-sdk (1.10.0)
      opentelemetry-api (~> 1.1)
      opentelemetry-common (~> 0.20)
      opentelemetry-registry (~> 0.2)
      opentelemetry-semantic_conventions
    opentelemetry-semantic_conventions (1.36.0)
      opentelemetry-api (~> 1.0)
    pg (1.6.2)
    pp (0.6.3)
      prettyprint
    prettyprint (0.2.0)
    process-metrics (0.8.0)
      console (~> 1.8)
      json (~> 2)
      samovar (~> 2.1)
    prometheus-client (4.2.5)
      base64
    protocol-hpack (1.5.1)
    protocol-http (0.55.0)
    protocol-http1 (0.35.2)
      protocol-http (~> 0.22)
    protocol-http2 (0.23.0)
      protocol-hpack (~> 1.4)
      protocol-http (~> 0.47)
    protocol-rack (0.19.0)
      io-stream (>= 0.10)
      protocol-http (~> 0.43)
      rack (>= 1.0)
    protocol-url (0.4.0)
    psych (5.3.0)
      date
      stringio
    rack (3.1.19)
    rack-protection (4.2.1)
      base64 (>= 0.1.0)
      logger (>= 1.6.0)
      rack (>= 3.0.0, < 4)
    rack-session (2.1.1)
      base64 (>= 0.1.0)
      rack (>= 3.0.0)
    rack-test (2.2.0)
      rack (>= 1.3)
    rackup (2.2.1)
      rack (>= 3)
    rake (13.3.1)
    rdoc (6.17.0)
      erb
      psych (>= 4.0.0)
      tsort
    reline (0.6.3)
      io-console (~> 0.5)
    rspec (3.13.2)
      rspec-core (~> 3.13.0)
      rspec-expectations (~> 3.13.0)
      rspec-mocks (~> 3.13.0)
    rspec-benchmark (0.6.0)
      benchmark-malloc (~> 0.2)
      benchmark-perf (~> 0.6)
      benchmark-trend (~> 0.4)
      rspec (>= 3.0)
    rspec-core (3.13.6)
      rspec-support (~> 3.13.0)
    rspec-expectations (3.13.5)
      diff-lcs (>= 1.2.0, < 2.0)
      rspec-support (~> 3.13.0)
    rspec-files (1.1.3)
      rspec (~> 3.0)
    rspec-memory (1.0.4)
      rspec (~> 3.0)
    rspec-mocks (3.13.7)
      diff-lcs (>= 1.2.0, < 2.0)
      rspec-support (~> 3.13.0)
    rspec-support (3.13.6)
    rspec_junit_formatter (0.6.0)
      rspec-core (>= 2, < 4, != 2.12.0)
    ruby-vips (2.3.0)
      ffi (~> 1.12)
      logger
    ruby2_keywords (0.0.5)
    samovar (2.4.1)
      console (~> 1.0)
      mapping (~> 1.0)
    securerandom (0.4.1)
    sequel (5.99.0)
      bigdecimal
    simplecov (0.22.0)
      docile (~> 1.1)
      simplecov-html (~> 0.11)
      simplecov_json_formatter (~> 0.1)
    simplecov-html (0.13.2)
    simplecov_json_formatter (0.1.4)
    sinatra (4.2.1)
      logger (>= 1.6.0)
      mustermann (~> 3.0)
      rack (>= 3.0.0, < 4)
      rack-protection (= 4.2.1)
      rack-session (>= 2.0.0, < 3)
      tilt (~> 2.0)
    slim (5.2.1)
      temple (~> 0.10.0)
      tilt (>= 2.1.0)
    sqlite3 (2.8.1)
      mini_portile2 (~> 2.8.0)
    stack-service-base (0.0.77)
      async
      debug
      dotenv
      nats-pure
      nkeys
      opentelemetry-exporter-otlp
      opentelemetry-exporter-otlp-logs
      opentelemetry-instrumentation-all
      opentelemetry-logs-api
      opentelemetry-logs-sdk
      opentelemetry-sdk
      prometheus-client
      rack
      websocket
    string-format (0.2.0)
    stringio (3.1.9)
    temple (0.10.4)
    tilt (2.6.1)
    traces (0.18.2)
    tsort (0.2.0)
    uri (1.1.1)
    websocket (1.2.11)
    yard (0.9.38)

PLATFORMS
  ruby
  x86_64-linux

DEPENDENCIES
  async
  async-rspec
  autoforme
  falcon
  faraday
  faraday-net_http_persistent
  faraday-retry
  ffi
  maplibre-preview
  pg
  rack (~> 3.1.13)
  rack-test
  rackup (~> 2.2.1)
  rspec
  rspec-benchmark
  rspec_junit_formatter
  ruby-vips
  sequel
  simplecov
  sinatra
  slim
  sqlite3
  stack-service-base
  yard

CHECKSUMS
  async (2.35.0) sha256=0f792ce968023677669fb8608d0b16585332247181ed5417b4ff45900201e834
  async-container (0.27.7) sha256=fe9c835168562d5126f8c90c727e5494aa93258d50e997d353be72fce6f4b85c
  async-container-supervisor (0.9.2) sha256=dcdbced388ca6e27e20ade3465066e6f6a7c31ca122cd14f8da63616eae17ad9
  async-http (0.92.1) sha256=66db56854cd9173b2f4e3b55f6ba48e15021e316425f0275e310a1d9ab173d59
  async-http-cache (0.4.6) sha256=2038d1f093182f16b50b4db271c25085e3938da10bfcfc2904cadb0530fddfd6
  async-pool (0.11.1) sha256=98e1583e199a75f7dc70f8e65fc8d0d3b28636c3f256595d43e206642ad8fbda
  async-rspec (1.17.1) sha256=8336a64d44cbb372564e3ee06e0ced6c74ecbc858bb954fdeab4b7d67bfab98c
  async-service (0.16.0) sha256=49ee3dff495e997b3c2c40e799d474ff78d862b271bf72fefbfb1ca326d44815
  autoforme (1.14.0) sha256=dd78ca04c95ad1a6685a33ec91a9e3dc0f96124f177c42de15545f3fc43bd18b
  bake (0.24.1) sha256=8bfac7e61514b17720e3b13cf6a5e122243f43123c6802707b150904bec5f4c7
  base32 (0.3.4) sha256=cb9810ab7c79862ed6ead254b3a44fa2535d088396cd412eef38bdc206055aba
  base64 (0.3.0) sha256=27337aeabad6ffae05c265c450490628ef3ebd4b67be58257393227588f5a97b
  benchmark-malloc (0.2.0) sha256=37c68f0435261634026f584d79956a35325a3027e3e6b4cc8d7575aa10537e6b
  benchmark-perf (0.6.0) sha256=fe2b01959f3de0f9dd34820d54ef881eb4f3589fccb7d17b63068ac92d7f9621
  benchmark-trend (0.4.0) sha256=de5a02a9f443babefbbd97784759820decee8554a0c273d859c02a0990845d81
  bigdecimal (3.3.1) sha256=eaa01e228be54c4f9f53bf3cc34fe3d5e845c31963e7fcc5bedb05a4e7d52218
  concurrent-ruby (1.3.5) sha256=813b3e37aca6df2a21a3b9f1d497f8cbab24a2b94cab325bffe65ee0f6cbebc6
  connection_pool (2.5.5) sha256=e54ff92855753df1fd7c59fa04a398833355f27dd14c074f8c83a05f72a716ad
  console (1.34.2) sha256=1c036abf606ccec83f9dc28f0c31710fe5936ffe7ba5d235ae2865590a482d58
  csv (3.3.5) sha256=6e5134ac3383ef728b7f02725d9872934f523cb40b961479f69cf3afa6c8e73f
  date (3.5.1) sha256=750d06384d7b9c15d562c76291407d89e368dda4d4fff957eb94962d325a0dc0
  debug (1.11.0) sha256=1425db64cfa0130c952684e3dc974985be201dd62899bf4bbe3f8b5d6cf1aef2
  diff-lcs (1.6.2) sha256=9ae0d2cba7d4df3075fe8cd8602a8604993efc0dfa934cff568969efb1909962
  docile (1.4.1) sha256=96159be799bfa73cdb721b840e9802126e4e03dfc26863db73647204c727f21e
  dotenv (3.2.0) sha256=e375b83121ea7ca4ce20f214740076129ab8514cd81378161f11c03853fe619d
  ed25519 (1.4.0) sha256=16e97f5198689a154247169f3453ef4cfd3f7a47481fde0ae33206cdfdcac506
  enum_csv (1.2.0) sha256=e801d4ce46bd4d2f0f6ce4ae6cb621b8432c6719c8e8fc8c0d27b76a3cb1a34c
  erb (6.0.0) sha256=2730893f9d8c9733f16cab315a4e4b71c1afa9cabc1a1e7ad1403feba8f52579
  falcon (0.53.0) sha256=4c3184772dc47d815b42664423de96c724242bd9ba1e90903f4e08f1370066a3
  faraday (2.14.0) sha256=8699cfe5d97e55268f2596f9a9d5a43736808a943714e3d9a53e6110593941cd
  faraday-net_http (3.4.2) sha256=f147758260d3526939bf57ecf911682f94926a3666502e24c69992765875906c
  faraday-net_http_persistent (2.3.1) sha256=23ffba37d6a27807a10f033d01918ec958aa73fa6ff0fccfbcd5ce2d2e68fca3
  faraday-retry (2.3.2) sha256=2402d2029032ebd238a2046221e67f6ef0da78c5a8ce8cd4f8b9c62e4d6451d1
  ffi (1.17.2) sha256=297235842e5947cc3036ebe64077584bff583cd7a4e94e9a02fdec399ef46da6
  fiber-annotation (0.2.0) sha256=7abfadf1d119f508867d4103bf231c0354d019cc39a5738945dec2edadaf6c03
  fiber-local (1.1.0) sha256=c885f94f210fb9b05737de65d511136ea602e00c5105953748aa0f8793489f06
  fiber-storage (1.0.1) sha256=f48e5b6d8b0be96dac486332b55cee82240057065dc761c1ea692b2e719240e1
  forme (2.7.0) sha256=2ce4ad9b8e91385cee8dd989272c7c03a2b05ad685a97537d8e54515e38b3e3f
  google-protobuf (4.33.2) sha256=748150d6c642fd655ef39efa23ecf2abe6d616020039a6d1c1764be1da530315
  googleapis-common-protos-types (1.22.0) sha256=f97492b77bd6da0018c860d5004f512fe7cd165554d7019a8f4df6a56fbfc4c7
  io-console (0.8.1) sha256=1e15440a6b2f67b6ea496df7c474ed62c860ad11237f29b3bd187f054b925fcb
  io-endpoint (0.16.0) sha256=b5517d9d2cde28e32ef0b0e13d4422d172a093760f50aad244d50282e990a114
  io-event (1.14.2) sha256=b0a069190eafe86005c22f7464f744971b5bd82f153740d34e6ab49548d4f613
  io-stream (0.11.1) sha256=fa5f551fcff99581c1757b9d1cee2c37b124f07d2ca4f40b756a05ab9bd21b87
  irb (1.15.3) sha256=4349edff1efa7ff7bfd34cb9df74a133a588ba88c2718098b3b4468b81184aaa
  json (2.18.0) sha256=b10506aee4183f5cf49e0efc48073d7b75843ce3782c68dbeb763351c08fd505
  localhost (1.6.0) sha256=d99697c6344283d39d8ae8572c22fcd556c95347a30d361594c36846b112fa17
  logger (1.7.0) sha256=196edec7cc44b66cfb40f9755ce11b392f21f7967696af15d274dde7edff0203
  maplibre-preview (1.4.0) sha256=aedfccab6c5b32d4907236325e4864a7c2e59a8dbe02fb1081de0d0b28580375
  mapping (1.1.3) sha256=2274931d20ecd46eaafdd1e00c58cc7472133b213bcac335cc7733d3c75f4da2
  memory (0.12.0) sha256=786a14d84cec8e5667a491da02ebbf492b9ec3d19d35161131ac9d47abb684b4
  memory-leak (0.7.0) sha256=3eca5f0447e9250eb6d9dc5d567345b9dc7f2f05289d0691aa8ed24ca4dece20
  metrics (0.15.0) sha256=61ded5bac95118e995b1bc9ed4a5f19bc9814928a312a85b200abbdac9039072
  mini_portile2 (2.8.9) sha256=0cd7c7f824e010c072e33f68bc02d85a00aeb6fce05bb4819c03dfd3c140c289
  msgpack (1.8.0) sha256=e64ce0212000d016809f5048b48eb3a65ffb169db22238fb4b72472fecb2d732
  mustermann (3.0.4) sha256=85fadcb6b3c6493a8b511b42426f904b7f27b282835502233dd154daab13aa22
  nats-pure (2.5.0) sha256=95e03c6aa6afaa33c6938928a04efbef8474844b11c95c8219c1c397ce030a4a
  net-http (0.8.0) sha256=df42c47ce9f9e95ad32a317c97c12f945bc1af365288837ea4ff259876ecb46d
  net-http-persistent (4.0.6) sha256=2abb3a04438edf6cb9e0e7e505969605f709eda3e3c5211beadd621a2c84dd5d
  nkeys (0.1.0) sha256=62ee184031b919f6e82693a75d2ca616d22d45f68256f37565a323573526ce1e
  openssl (3.3.2) sha256=7f4e01215dc9c4be1fca71d692406be3e6340b39c1f71a47fea9c497decd0f6c
  opentelemetry-api (1.7.0) sha256=ccfd264ea6f2db5bf4185e3c07a1297977b44a944e2ce65457c4fe63a697214f
  opentelemetry-common (0.23.0) sha256=da721190479d57bae0ad2207468f47f3e2c3b9a91024b5bc32c9d280183eb32c
  opentelemetry-exporter-otlp (0.31.1) sha256=5358be17d7849cbcc4f49e1fc24105edc780a6f96c8e57b64192ab9a8e47474a
  opentelemetry-exporter-otlp-logs (0.2.2) sha256=23b79e339a46edb0f54447dd40bb40202e765183bd241032335df6ec188d6fcc
  opentelemetry-helpers-mysql (0.4.0) sha256=d309c0b20825bdd14d4dbc75e0d3b381ffdad37d16424ceca3cb8453d9cb5a4f
  opentelemetry-helpers-sql (0.3.0) sha256=4bb08017d6a16dd41c4d1c53c7fd30f9c5bb691195d8b458933724627b3f37f9
  opentelemetry-helpers-sql-processor (0.3.1) sha256=6041e934bee76c593e971a8bca0979a6ee411723affdd3c11ca1312903bcd9bc
  opentelemetry-instrumentation-action_mailer (0.6.1) sha256=8384866bdb066ae14b9a1fe686ffaf1f23468326a35af64390c0395fcd471057
  opentelemetry-instrumentation-action_pack (0.15.1) sha256=84fade740783caeebf260aaefcbf8f1a7a4c49f946944ff520a2fb1d6b07f273
  opentelemetry-instrumentation-action_view (0.11.1) sha256=426134dd7604b77032abe26a49d75d16de32d89af962704c0fdf4ab203e5f599
  opentelemetry-instrumentation-active_job (0.10.1) sha256=aea1311224c20d064a8f218a44299171152dc36eeb531b9eba84bed8b3942a89
  opentelemetry-instrumentation-active_model_serializers (0.24.0) sha256=8fe81e44167d17e45d9acfa588d20140c7640c323e58aca99e266de1bb3fce15
  opentelemetry-instrumentation-active_record (0.11.1) sha256=1b083f34eea0449f8d6f4370b3fb4b935757fac6e4e538e67bb98211809e7c92
  opentelemetry-instrumentation-active_storage (0.3.1) sha256=f89b0fef54921f17c0c4c38a6e0926d29afabd0ac98436fcdbb8bde85dfde89e
  opentelemetry-instrumentation-active_support (0.10.1) sha256=82ea98367158797e33c6de96581f10aa4fe8adf0ebec832dcff5fd04c59bc57d
  opentelemetry-instrumentation-all (0.89.1) sha256=6a7de5fd7498024a34eecb63f3d69e8d3e1a3c7933bfef444e1d64e8c2b69f04
  opentelemetry-instrumentation-anthropic (0.3.0) sha256=09bd9b4ba6189389a6c0f7ba49f1d11f387d93b411ab585137a48b59925a48de
  opentelemetry-instrumentation-aws_lambda (0.6.0) sha256=1a3161393cfe9bc9eddd81a0668d076c38a0a2c3d5df40e95d02f5a8fcd3334c
  opentelemetry-instrumentation-aws_sdk (0.11.0) sha256=67a21e754ddf51e2bb8c3e46e116aa9158d8db800f34c2a9b1e0da5a6ca911e3
  opentelemetry-instrumentation-base (0.25.0) sha256=642a3a7f08354e6e969423327a4fa67ed2cca7ac6fe5ee09e55b17d1c576da27
  opentelemetry-instrumentation-bunny (0.24.0) sha256=1ec484e48a5f42a1d0c33e8e6bc7e9e78dd80f3ed9d63520b8a22ba564aa2585
  opentelemetry-instrumentation-concurrent_ruby (0.24.0) sha256=229bd8b72000c59de693609bb637b8a9114992f5e0ab03730d7fd7ef91f7d1d2
  opentelemetry-instrumentation-dalli (0.29.0) sha256=a2686650545609e8d7e281c9fd1aef529ab578ef2dcf9a6258737e4ba214bc2f
  opentelemetry-instrumentation-delayed_job (0.25.1) sha256=47f35b10d2bfd9ac7c2bbbe10dea095a2e25db2a84f5351860ead969d180c3ec
  opentelemetry-instrumentation-ethon (0.26.0) sha256=d4461082c84e8912ab1204340f31cae4aba58b4ae2a854d517b27116750e3752
  opentelemetry-instrumentation-excon (0.26.1) sha256=a856816c98d45ff4cd3ec3b0d7fc1e5e340390f47478f882eb4a688cfc678fef
  opentelemetry-instrumentation-faraday (0.30.1) sha256=526822c0575aba333e53bfdb26a4a7b6a30c9cb1b1d400d514d891f4507732f9
  opentelemetry-instrumentation-grape (0.5.0) sha256=b9fcbe13b015b663577b8bde5b419c297da2588d0a022f4ce40f9ffc49df7624
  opentelemetry-instrumentation-graphql (0.31.2) sha256=a4455f225427f8f9058247c8c0b351b8932567913c35ef049f7958801d401b1f
  opentelemetry-instrumentation-grpc (0.4.1) sha256=5ffa2bb1d5ec69bcd1fe23e1d8c1a563a00351ce052fe9d76885cc43f21ebc87
  opentelemetry-instrumentation-gruf (0.5.0) sha256=ee21be36e312e71b847c9a87168225625890121140a364b68d3668e0df58dacd
  opentelemetry-instrumentation-http (0.27.1) sha256=ba70029da6fe9bdfadd31d539823fae3d7fefff11f3487aeeb4cc47b48cf7303
  opentelemetry-instrumentation-http_client (0.26.1) sha256=f6af45487998db43d4b8772b4929d692189b66c5591420220e06c3848012e6ff
  opentelemetry-instrumentation-httpx (0.5.1) sha256=3ef926ec56e208290052c8d278e3f82890a7f6dadeb01a7c9a706a3fb4da52dd
  opentelemetry-instrumentation-koala (0.23.0) sha256=8f324b50a2a64fd4994bb2b105a4cb0c80b64ec05cf5487d2daa906c650bc6f9
  opentelemetry-instrumentation-lmdb (0.25.0) sha256=1e4d66d583ea242d4f72051062971f5af1ea353484d224abbd0aabdd1ce5f5cb
  opentelemetry-instrumentation-mongo (0.25.0) sha256=d04585669f928ea82e7c469f996061d39d8ff184278d57cf4fc77a6d607f9c7a
  opentelemetry-instrumentation-mysql2 (0.32.1) sha256=9f5c705b374f7804d374e4fdb5b793c0321dea25644a006bbb76b2150452277a
  opentelemetry-instrumentation-net_http (0.26.1) sha256=354ebf161f2aca0eaafdc9decc014f98b246994308a5de3ccf303f1d4abdfa2c
  opentelemetry-instrumentation-pg (0.34.1) sha256=8d6d75f8d895eea040f72ac7765257e82f9aaa81eed44bd1afbcaa7f49ebb5c2
  opentelemetry-instrumentation-que (0.12.0) sha256=3b7a84341f6af5a04f8c57860aeba4033f87c855d40c611a2fc40dde849944fb
  opentelemetry-instrumentation-racecar (0.6.0) sha256=de267a1af9f22b76286ad1830f0ef81b437aad519c230d63f4059e0eb60168cc
  opentelemetry-instrumentation-rack (0.29.0) sha256=9e2cbb8336087064cbe33b502d917d85b174162bc717efda1cfdbd182342f377
  opentelemetry-instrumentation-rails (0.39.1) sha256=7959df7895543040fbb5cd3877c37bc9f95d79ff9d7749334314c50b871ac96f
  opentelemetry-instrumentation-rake (0.5.0) sha256=fa6bd019078975ac8a67eaea06294e4fe6707e6770d8ced88d74dc573b0a01ef
  opentelemetry-instrumentation-rdkafka (0.9.0) sha256=f3beb56828c584d7d91a2c46f6e5a2ef82289b1d4445b1eb5bc13b80ab6aca89
  opentelemetry-instrumentation-redis (0.28.0) sha256=8721957d1c527dd22bd564d17f3a8db252081abb302be189511282d023693900
  opentelemetry-instrumentation-resque (0.8.0) sha256=559edde9d6273dd757ae5149ed36e26d147b63028d084121203f51c8cff805e5
  opentelemetry-instrumentation-restclient (0.26.0) sha256=5d4e9d93ef51564a1023c076e17b4ac3b42fe81003321d9fb66e44886538bdce
  opentelemetry-instrumentation-ruby_kafka (0.24.0) sha256=257e891f4ce630ba3e0669408d497b44afcc493cd49aed09343d5a51fa8952c2
  opentelemetry-instrumentation-sidekiq (0.28.1) sha256=abc85d62996a5362e7a9fd7af9f6c709d01ce04795514d12fee5126335ae97ae
  opentelemetry-instrumentation-sinatra (0.28.0) sha256=9f11d68c580a421cadd633aca1f8f92707d6b6995d48fffa045a48c187347f26
  opentelemetry-instrumentation-trilogy (0.65.1) sha256=4e20ef2aee15613ea9e5468c1561184fc94cde615f3174c6f5d80c76fea8ccbd
  opentelemetry-logs-api (0.2.0) sha256=0e9241b9b53a315101a6a5f2efbfa80278a0d39f9220915871f8d6057c39b117
  opentelemetry-logs-sdk (0.4.0) sha256=860a5a3916054bf8b37a8a0b565d7ebabc37691a7b505eb0d21b734619fe8074
  opentelemetry-registry (0.4.0) sha256=903fa6bfaa29eac1c1d73a4fdd29b850977b5353b84b8cdff11222c00ad2968f
  opentelemetry-sdk (1.10.0) sha256=43719949be8df24dcaeb86ebbf75636cda87d51a01af2729499b92a48b80521a
  opentelemetry-semantic_conventions (1.36.0) sha256=c1b1607dbc7853aac7f9e23f6e8b76969c45b07f2b812a4aa4383c19a3b0f617
  pg (1.6.2) sha256=58614afd405cc9c2c9e15bffe8432e0d6cfc58b722344ad4a47c73a85189c875
  pp (0.6.3) sha256=2951d514450b93ccfeb1df7d021cae0da16e0a7f95ee1e2273719669d0ab9df6
  prettyprint (0.2.0) sha256=2bc9e15581a94742064a3cc8b0fb9d45aae3d03a1baa6ef80922627a0766f193
  process-metrics (0.8.0) sha256=6cc1fc239a674a43708366edb171218ebdf8710b4de5918653ac9a699c666340
  prometheus-client (4.2.5) sha256=807bebc3e92ccd9f4d814d90be15e85338f3708d227badf80924ef3f6e7d5225
  protocol-hpack (1.5.1) sha256=6feca238b8078da1cd295677d6f306c6001af92d75fe0643d33e6956cbc3ad91
  protocol-http (0.55.0) sha256=ab3f97386e0d6311f60e437c853c58e7b0ba4e1b16aff351f5ea2f75520126cb
  protocol-http1 (0.35.2) sha256=b47aded38cd08dc37e9ed9ac7a54dc7bfaffa6d088dfaf3b178e2ef42fc614e6
  protocol-http2 (0.23.0) sha256=bb7a782bb24a386cf475bc8cd6190bd28b392fcef943e06c8d8fce06cc3b2ba8
  protocol-rack (0.19.0) sha256=b4047b29349784308024c2fdac7bee4fc613ec28915d565f1acb79c394508024
  protocol-url (0.4.0) sha256=64d4c03b6b51ad815ac6fdaf77a1d91e5baf9220d26becb846c5459dacdea9e1
  psych (5.3.0) sha256=8976a41ae29ea38c88356e862629345290347e3bfe27caf654f7c5a920e95eeb
  rack (3.1.19) sha256=52b7e200d7454a86add861abf552d306079516b887d48c33f4311634de030faf
  rack-protection (4.2.1) sha256=cf6e2842df8c55f5e4d1a4be015e603e19e9bc3a7178bae58949ccbb58558bac
  rack-session (2.1.1) sha256=0b6dc07dea7e4b583f58a48e8b806d4c9f1c6c9214ebc202ec94562cbea2e4e9
  rack-test (2.2.0) sha256=005a36692c306ac0b4a9350355ee080fd09ddef1148a5f8b2ac636c720f5c463
  rackup (2.2.1) sha256=f737191fd5c5b348b7f0a4412a3b86383f88c43e13b8217b63d4c8d90b9e798d
  rake (13.3.1) sha256=8c9e89d09f66a26a01264e7e3480ec0607f0c497a861ef16063604b1b08eb19c
  rdoc (6.17.0) sha256=0f50d4e568fc98195f9bb155a9e8dff6c7feabfb515fb22ef6df1d12ad5a02b7
  reline (0.6.3) sha256=1198b04973565b36ec0f11542ab3f5cfeeec34823f4e54cebde90968092b1835
  rspec (3.13.2) sha256=206284a08ad798e61f86d7ca3e376718d52c0bc944626b2349266f239f820587
  rspec-benchmark (0.6.0) sha256=1014adb57ec2599a2455c63884229f367a2fff6a63a77fd68ce5d804c83dd6cf
  rspec-core (3.13.6) sha256=a8823c6411667b60a8bca135364351dda34cd55e44ff94c4be4633b37d828b2d
  rspec-expectations (3.13.5) sha256=33a4d3a1d95060aea4c94e9f237030a8f9eae5615e9bd85718fe3a09e4b58836
  rspec-files (1.1.3) sha256=bce4c9d263dbf618f36f6986b957c668c28fbfed9e18ead35822640152be99a0
  rspec-memory (1.0.4) sha256=451eae4496d3ad70713e47b0dbfeb7909b1805f0a76772c511a7e9e5e1552e60
  rspec-mocks (3.13.7) sha256=0979034e64b1d7a838aaaddf12bf065ea4dc40ef3d4c39f01f93ae2c66c62b1c
  rspec-support (3.13.6) sha256=2e8de3702427eab064c9352fe74488cc12a1bfae887ad8b91cba480ec9f8afb2
  rspec_junit_formatter (0.6.0) sha256=40dde674e6ae4e6cc0ff560da25497677e34fefd2338cc467a8972f602b62b15
  ruby-vips (2.3.0) sha256=e685ec02c13969912debbd98019e50492e12989282da5f37d05f5471442f5374
  ruby2_keywords (0.0.5) sha256=ffd13740c573b7301cf7a2e61fc857b2a8e3d3aff32545d6f8300d8bae10e3ef
  samovar (2.4.1) sha256=c3b91dd0580771e3bc600621c1111f29542529dcffafaac3b6bf068b3f309e80
  securerandom (0.4.1) sha256=cc5193d414a4341b6e225f0cb4446aceca8e50d5e1888743fac16987638ea0b1
  sequel (5.99.0) sha256=a4613a1961a47a0eb6acdcc0351fe819bf24876a88fc06172a9cee5db370ea42
  simplecov (0.22.0) sha256=fe2622c7834ff23b98066bb0a854284b2729a569ac659f82621fc22ef36213a5
  simplecov-html (0.13.2) sha256=bd0b8e54e7c2d7685927e8d6286466359b6f16b18cb0df47b508e8d73c777246
  simplecov_json_formatter (0.1.4) sha256=529418fbe8de1713ac2b2d612aa3daa56d316975d307244399fa4838c601b428
  sinatra (4.2.1) sha256=b7aeb9b11d046b552972ade834f1f9be98b185fa8444480688e3627625377080
  slim (5.2.1) sha256=72351dff7e2ff20e2d5c393cfc385bb9142cef5db059141628fd7163ac3c13e7
  sqlite3 (2.8.1) sha256=acd0ac7912a4d92b2484b5befb6faa8d496497eb1e38bdbe8d7818fb8d05d726
  stack-service-base (0.0.77) sha256=d052d884b578ba4be85c8e609982ecfe76693ab1242a2c805c23436226d75bc6
  string-format (0.2.0) sha256=bc981c14116b061f12134549f32fa2d61a17b5a35dd6fd36596c21722a789af6
  stringio (3.1.9) sha256=c111af13d3a73eab96a3bc2655ecf93788d13d28cb8e25c1dcbff89ace885121
  temple (0.10.4) sha256=b7a1e94b6f09038ab0b6e4fe0126996055da2c38bec53a8a336f075748fff72c
  tilt (2.6.1) sha256=35a99bba2adf7c1e362f5b48f9b581cce4edfba98117e34696dde6d308d84770
  traces (0.18.2) sha256=80f1649cb4daace1d7174b81f3b3b7427af0b93047759ba349960cb8f315e214
  tsort (0.2.0) sha256=9650a793f6859a43b6641671278f79cfead60ac714148aabe4e3f0060480089f
  uri (1.1.1) sha256=379fa58d27ffb1387eaada68c749d1426738bd0f654d812fcc07e7568f5c57c6
  websocket (1.2.11) sha256=b7e7a74e2410b5e85c25858b26b3322f29161e300935f70a0e0d3c35e0462737
  yard (0.9.38) sha256=721fb82afb10532aa49860655f6cc2eaa7130889df291b052e1e6b268283010f

BUNDLED WITH
  4.0.0.dev
